// !$*UTF8*$!
{
	archiveVersion = 1;
	classes = {
	};
	objectVersion = 46;
	objects = {

/* Begin PBXBuildFile section */
		0B66A39C1C10F37B0022DBFC /* LambertSwift.swift in Sources */ = {isa = PBXBuildFile; fileRef = 0B66A39B1C10F37B0022DBFC /* LambertSwift.swift */; };
		780BAD2E1A4A147800294092 /* LambertSwift.h in Headers */ = {isa = PBXBuildFile; fileRef = 780BAD2D1A4A147800294092 /* LambertSwift.h */; settings = {ATTRIBUTES = (Public, ); }; };
		780BAD341A4A147800294092 /* LambertSwift.framework in Frameworks */ = {isa = PBXBuildFile; fileRef = 780BAD281A4A147800294092 /* LambertSwift.framework */; };
		780BAD3B1A4A147800294092 /* LambertSwiftTests.swift in Sources */ = {isa = PBXBuildFile; fileRef = 780BAD3A1A4A147800294092 /* LambertSwiftTests.swift */; };
/* End PBXBuildFile section */

/* Begin PBXContainerItemProxy section */
		780BAD351A4A147800294092 /* PBXContainerItemProxy */ = {
			isa = PBXContainerItemProxy;
			containerPortal = 780BAD1F1A4A147700294092 /* Project object */;
			proxyType = 1;
			remoteGlobalIDString = 780BAD271A4A147800294092;
			remoteInfo = LambertSwift;
		};
/* End PBXContainerItemProxy section */

/* Begin PBXFileReference section */
		0B66A39B1C10F37B0022DBFC /* LambertSwift.swift */ = {isa = PBXFileReference; fileEncoding = 4; lastKnownFileType = sourcecode.swift; path = LambertSwift.swift; sourceTree = "<group>"; };
		780BAD281A4A147800294092 /* LambertSwift.framework */ = {isa = PBXFileReference; explicitFileType = wrapper.framework; includeInIndex = 0; path = LambertSwift.framework; sourceTree = BUILT_PRODUCTS_DIR; };
		780BAD2C1A4A147800294092 /* Info.plist */ = {isa = PBXFileReference; lastKnownFileType = text.plist.xml; path = Info.plist; sourceTree = "<group>"; };
		780BAD2D1A4A147800294092 /* LambertSwift.h */ = {isa = PBXFileReference; lastKnownFileType = sourcecode.c.h; path = LambertSwift.h; sourceTree = "<group>"; };
		780BAD331A4A147800294092 /* LambertSwiftTests.xctest */ = {isa = PBXFileReference; explicitFileType = wrapper.cfbundle; includeInIndex = 0; path = LambertSwiftTests.xctest; sourceTree = BUILT_PRODUCTS_DIR; };
		780BAD391A4A147800294092 /* Info.plist */ = {isa = PBXFileReference; lastKnownFileType = text.plist.xml; path = Info.plist; sourceTree = "<group>"; };
		780BAD3A1A4A147800294092 /* LambertSwiftTests.swift */ = {isa = PBXFileReference; lastKnownFileType = sourcecode.swift; path = LambertSwiftTests.swift; sourceTree = "<group>"; };
/* End PBXFileReference section */

/* Begin PBXFrameworksBuildPhase section */
		780BAD241A4A147800294092 /* Frameworks */ = {
			isa = PBXFrameworksBuildPhase;
			buildActionMask = 2147483647;
			files = (
			);
			runOnlyForDeploymentPostprocessing = 0;
		};
		780BAD301A4A147800294092 /* Frameworks */ = {
			isa = PBXFrameworksBuildPhase;
			buildActionMask = 2147483647;
			files = (
				780BAD341A4A147800294092 /* LambertSwift.framework in Frameworks */,
			);
			runOnlyForDeploymentPostprocessing = 0;
		};
/* End PBXFrameworksBuildPhase section */

/* Begin PBXGroup section */
		780BAD1E1A4A147700294092 = {
			isa = PBXGroup;
			children = (
				780BAD2A1A4A147800294092 /* LambertSwift */,
				780BAD371A4A147800294092 /* LambertSwiftTests */,
				780BAD291A4A147800294092 /* Products */,
			);
			sourceTree = "<group>";
		};
		780BAD291A4A147800294092 /* Products */ = {
			isa = PBXGroup;
			children = (
				780BAD281A4A147800294092 /* LambertSwift.framework */,
				780BAD331A4A147800294092 /* LambertSwiftTests.xctest */,
			);
			name = Products;
			sourceTree = "<group>";
		};
		780BAD2A1A4A147800294092 /* LambertSwift */ = {
			isa = PBXGroup;
			children = (
				0B66A39B1C10F37B0022DBFC /* LambertSwift.swift */,
				780BAD2D1A4A147800294092 /* LambertSwift.h */,
				780BAD2B1A4A147800294092 /* Supporting Files */,
			);
			path = LambertSwift;
			sourceTree = "<group>";
		};
		780BAD2B1A4A147800294092 /* Supporting Files */ = {
			isa = PBXGroup;
			children = (
				780BAD2C1A4A147800294092 /* Info.plist */,
			);
			name = "Supporting Files";
			sourceTree = "<group>";
		};
		780BAD371A4A147800294092 /* LambertSwiftTests */ = {
			isa = PBXGroup;
			children = (
				780BAD3A1A4A147800294092 /* LambertSwiftTests.swift */,
				780BAD381A4A147800294092 /* Supporting Files */,
			);
			path = LambertSwiftTests;
			sourceTree = "<group>";
		};
		780BAD381A4A147800294092 /* Supporting Files */ = {
			isa = PBXGroup;
			children = (
				780BAD391A4A147800294092 /* Info.plist */,
			);
			name = "Supporting Files";
			sourceTree = "<group>";
		};
/* End PBXGroup section */

/* Begin PBXHeadersBuildPhase section */
		780BAD251A4A147800294092 /* Headers */ = {
			isa = PBXHeadersBuildPhase;
			buildActionMask = 2147483647;
			files = (
				780BAD2E1A4A147800294092 /* LambertSwift.h in Headers */,
			);
			runOnlyForDeploymentPostprocessing = 0;
		};
/* End PBXHeadersBuildPhase section */

/* Begin PBXNativeTarget section */
		780BAD271A4A147800294092 /* LambertSwift */ = {
			isa = PBXNativeTarget;
			buildConfigurationList = 780BAD3E1A4A147800294092 /* Build configuration list for PBXNativeTarget "LambertSwift" */;
			buildPhases = (
				780BAD231A4A147800294092 /* Sources */,
				780BAD241A4A147800294092 /* Frameworks */,
				780BAD251A4A147800294092 /* Headers */,
				780BAD261A4A147800294092 /* Resources */,
			);
			buildRules = (
			);
			dependencies = (
			);
			name = LambertSwift;
			productName = LambertSwift;
			productReference = 780BAD281A4A147800294092 /* LambertSwift.framework */;
			productType = "com.apple.product-type.framework";
		};
		780BAD321A4A147800294092 /* LambertSwiftTests */ = {
			isa = PBXNativeTarget;
			buildConfigurationList = 780BAD411A4A147800294092 /* Build configuration list for PBXNativeTarget "LambertSwiftTests" */;
			buildPhases = (
				780BAD2F1A4A147800294092 /* Sources */,
				780BAD301A4A147800294092 /* Frameworks */,
				780BAD311A4A147800294092 /* Resources */,
			);
			buildRules = (
			);
			dependencies = (
				780BAD361A4A147800294092 /* PBXTargetDependency */,
			);
			name = LambertSwiftTests;
			productName = LambertSwiftTests;
			productReference = 780BAD331A4A147800294092 /* LambertSwiftTests.xctest */;
			productType = "com.apple.product-type.bundle.unit-test";
		};
/* End PBXNativeTarget section */

/* Begin PBXProject section */
		780BAD1F1A4A147700294092 /* Project object */ = {
			isa = PBXProject;
			attributes = {
				LastSwiftMigration = 0710;
				LastSwiftUpdateCheck = 0710;
				LastUpgradeCheck = 0610;
				ORGANIZATIONNAME = yageek;
				TargetAttributes = {
					780BAD271A4A147800294092 = {
						CreatedOnToolsVersion = 6.1.1;
					};
					780BAD321A4A147800294092 = {
						CreatedOnToolsVersion = 6.1.1;
					};
				};
			};
			buildConfigurationList = 780BAD221A4A147700294092 /* Build configuration list for PBXProject "LambertSwift" */;
			compatibilityVersion = "Xcode 3.2";
			developmentRegion = English;
			hasScannedForEncodings = 0;
			knownRegions = (
				en,
			);
			mainGroup = 780BAD1E1A4A147700294092;
			productRefGroup = 780BAD291A4A147800294092 /* Products */;
			projectDirPath = "";
			projectRoot = "";
			targets = (
				780BAD271A4A147800294092 /* LambertSwift */,
				780BAD321A4A147800294092 /* LambertSwiftTests */,
			);
		};
/* End PBXProject section */

/* Begin PBXResourcesBuildPhase section */
		780BAD261A4A147800294092 /* Resources */ = {
			isa = PBXResourcesBuildPhase;
			buildActionMask = 2147483647;
			files = (
			);
			runOnlyForDeploymentPostprocessing = 0;
		};
		780BAD311A4A147800294092 /* Resources */ = {
			isa = PBXResourcesBuildPhase;
			buildActionMask = 2147483647;
			files = (
			);
			runOnlyForDeploymentPostprocessing = 0;
		};
/* End PBXResourcesBuildPhase section */

/* Begin PBXSourcesBuildPhase section */
		780BAD231A4A147800294092 /* Sources */ = {
			isa = PBXSourcesBuildPhase;
			buildActionMask = 2147483647;
			files = (
				0B66A39C1C10F37B0022DBFC /* LambertSwift.swift in Sources */,
			);
			runOnlyForDeploymentPostprocessing = 0;
		};
		780BAD2F1A4A147800294092 /* Sources */ = {
			isa = PBXSourcesBuildPhase;
			buildActionMask = 2147483647;
			files = (
				780BAD3B1A4A147800294092 /* LambertSwiftTests.swift in Sources */,
			);
			runOnlyForDeploymentPostprocessing = 0;
		};
/* End PBXSourcesBuildPhase section */

/* Begin PBXTargetDependency section */
		780BAD361A4A147800294092 /* PBXTargetDependency */ = {
			isa = PBXTargetDependency;
			target = 780BAD271A4A147800294092 /* LambertSwift */;
			targetProxy = 780BAD351A4A147800294092 /* PBXContainerItemProxy */;
		};
/* End PBXTargetDependency section */

/* Begin XCBuildConfiguration section */
		780BAD3C1A4A147800294092 /* Debug */ = {
			isa = XCBuildConfiguration;
			buildSettings = {
				ALWAYS_SEARCH_USER_PATHS = NO;
				CLANG_CXX_LANGUAGE_STANDARD = "gnu++0x";
				CLANG_CXX_LIBRARY = "libc++";
				CLANG_ENABLE_MODULES = YES;
				CLANG_ENABLE_OBJC_ARC = YES;
				CLANG_WARN_BOOL_CONVERSION = YES;
				CLANG_WARN_CONSTANT_CONVERSION = YES;
				CLANG_WARN_DIRECT_OBJC_ISA_USAGE = YES_ERROR;
				CLANG_WARN_EMPTY_BODY = YES;
				CLANG_WARN_ENUM_CONVERSION = YES;
				CLANG_WARN_INT_CONVERSION = YES;
				CLANG_WARN_OBJC_ROOT_CLASS = YES_ERROR;
				CLANG_WARN_UNREACHABLE_CODE = YES;
				CLANG_WARN__DUPLICATE_METHOD_MATCH = YES;
				"CODE_SIGN_IDENTITY[sdk=iphoneos*]" = "iPhone Developer";
				COPY_PHASE_STRIP = NO;
				CURRENT_PROJECT_VERSION = 1;
				ENABLE_STRICT_OBJC_MSGSEND = YES;
				GCC_C_LANGUAGE_STANDARD = gnu99;
				GCC_DYNAMIC_NO_PIC = NO;
				GCC_OPTIMIZATION_LEVEL = 0;
				GCC_PREPROCESSOR_DEFINITIONS = (
					"DEBUG=1",
					"$(inherited)",
				);
				GCC_SYMBOLS_PRIVATE_EXTERN = NO;
				GCC_WARN_64_TO_32_BIT_CONVERSION = YES;
				GCC_WARN_ABOUT_RETURN_TYPE = YES_ERROR;
				GCC_WARN_UNDECLARED_SELECTOR = YES;
				GCC_WARN_UNINITIALIZED_AUTOS = YES_AGGRESSIVE;
				GCC_WARN_UNUSED_FUNCTION = YES;
				GCC_WARN_UNUSED_VARIABLE = YES;
				IPHONEOS_DEPLOYMENT_TARGET = 8.1;
				MTL_ENABLE_DEBUG_INFO = YES;
				ONLY_ACTIVE_ARCH = YES;
				SDKROOT = iphoneos;
				SWIFT_OPTIMIZATION_LEVEL = "-Onone";
				TARGETED_DEVICE_FAMILY = "1,2";
				VERSIONING_SYSTEM = "apple-generic";
				VERSION_INFO_PREFIX = "";
			};
			name = Debug;
		};
		780BAD3D1A4A147800294092 /* Release */ = {
			isa = XCBuildConfiguration;
			buildSettings = {
				ALWAYS_SEARCH_USER_PATHS = NO;
				CLANG_CXX_LANGUAGE_STANDARD = "gnu++0x";
				CLANG_CXX_LIBRARY = "libc++";
				CLANG_ENABLE_MODULES = YES;
				CLANG_ENABLE_OBJC_ARC = YES;
				CLANG_WARN_BOOL_CONVERSION = YES;
				CLANG_WARN_CONSTANT_CONVERSION = YES;
				CLANG_WARN_DIRECT_OBJC_ISA_USAGE = YES_ERROR;
				CLANG_WARN_EMPTY_BODY = YES;
				CLANG_WARN_ENUM_CONVERSION = YES;
				CLANG_WARN_INT_CONVERSION = YES;
				CLANG_WARN_OBJC_ROOT_CLASS = YES_ERROR;
				CLANG_WARN_UNREACHABLE_CODE = YES;
				CLANG_WARN__DUPLICATE_METHOD_MATCH = YES;
				"CODE_SIGN_IDENTITY[sdk=iphoneos*]" = "iPhone Developer";
				COPY_PHASE_STRIP = YES;
				CURRENT_PROJECT_VERSION = 1;
				ENABLE_NS_ASSERTIONS = NO;
				ENABLE_STRICT_OBJC_MSGSEND = YES;
				GCC_C_LANGUAGE_STANDARD = gnu99;
				GCC_WARN_64_TO_32_BIT_CONVERSION = YES;
				GCC_WARN_ABOUT_RETURN_TYPE = YES_ERROR;
				GCC_WARN_UNDECLARED_SELECTOR = YES;
				GCC_WARN_UNINITIALIZED_AUTOS = YES_AGGRESSIVE;
				GCC_WARN_UNUSED_FUNCTION = YES;
				GCC_WARN_UNUSED_VARIABLE = YES;
				IPHONEOS_DEPLOYMENT_TARGET = 8.1;
				MTL_ENABLE_DEBUG_INFO = NO;
				SDKROOT = iphoneos;
				TARGETED_DEVICE_FAMILY = "1,2";
				VALIDATE_PRODUCT = YES;
				VERSIONING_SYSTEM = "apple-generic";
				VERSION_INFO_PREFIX = "";
			};
			name = Release;
		};
		780BAD3F1A4A147800294092 /* Debug */ = {
			isa = XCBuildConfiguration;
			buildSettings = {
				CLANG_ENABLE_MODULES = YES;
				DEFINES_MODULE = YES;
				DYLIB_COMPATIBILITY_VERSION = 1;
				DYLIB_CURRENT_VERSION = 1;
				DYLIB_INSTALL_NAME_BASE = "@rpath";
				INFOPLIST_FILE = LambertSwift/Info.plist;
				INSTALL_PATH = "$(LOCAL_LIBRARY_DIR)/Frameworks";
				LD_RUNPATH_SEARCH_PATHS = "$(inherited) @executable_path/Frameworks @loader_path/Frameworks";
				PRODUCT_NAME = "$(TARGET_NAME)";
				SKIP_INSTALL = YES;
				SWIFT_OPTIMIZATION_LEVEL = "-Onone";
			};
			name = Debug;
		};
		780BAD401A4A147800294092 /* Release */ = {
			isa = XCBuildConfiguration;
			buildSettings = {
				CLANG_ENABLE_MODULES = YES;
				DEFINES_MODULE = YES;
				DYLIB_COMPATIBILITY_VERSION = 1;
				DYLIB_CURRENT_VERSION = 1;
				DYLIB_INSTALL_NAME_BASE = "@rpath";
				INFOPLIST_FILE = LambertSwift/Info.plist;
				INSTALL_PATH = "$(LOCAL_LIBRARY_DIR)/Frameworks";
				LD_RUNPATH_SEARCH_PATHS = "$(inherited) @executable_path/Frameworks @loader_path/Frameworks";
				PRODUCT_NAME = "$(TARGET_NAME)";
				SKIP_INSTALL = YES;
			};
			name = Release;
		};
		780BAD421A4A147800294092 /* Debug */ = {
			isa = XCBuildConfiguration;
			buildSettings = {
				FRAMEWORK_SEARCH_PATHS = (
					"$(SDKROOT)/Developer/Library/Frameworks",
					"$(inherited)",
				);
				GCC_PREPROCESSOR_DEFINITIONS = (
					"DEBUG=1",
					"$(inherited)",
				);
				INFOPLIST_FILE = LambertSwiftTests/Info.plist;
				LD_RUNPATH_SEARCH_PATHS = "$(inherited) @executable_path/Frameworks @loader_path/Frameworks";
				PRODUCT_NAME = "$(TARGET_NAME)";
			};
			name = Debug;
		};
		780BAD431A4A147800294092 /* Release */ = {
			isa = XCBuildConfiguration;
			buildSettings = {
				FRAMEWORK_SEARCH_PATHS = (
					"$(SDKROOT)/Developer/Library/Frameworks",
					"$(inherited)",
				);
				INFOPLIST_FILE = LambertSwiftTests/Info.plist;
				LD_RUNPATH_SEARCH_PATHS = "$(inherited) @executable_path/Frameworks @loader_path/Frameworks";
				PRODUCT_NAME = "$(TARGET_NAME)";
			};
			name = Release;
		};
/* End XCBuildConfiguration section */

/* Begin XCConfigurationList section */
		780BAD221A4A147700294092 /* Build configuration list for PBXProject "LambertSwift" */ = {
			isa = XCConfigurationList;
			buildConfigurations = (
				780BAD3C1A4A147800294092 /* Debug */,
				780BAD3D1A4A147800294092 /* Release */,
			);
			defaultConfigurationIsVisible = 0;
			defaultConfigurationName = Release;
		};
		780BAD3E1A4A147800294092 /* Build configuration list for PBXNativeTarget "LambertSwift" */ = {
			isa = XCConfigurationList;
			buildConfigurations = (
				780BAD3F1A4A147800294092 /* Debug */,
				780BAD401A4A147800294092 /* Release */,
			);
			defaultConfigurationIsVisible = 0;
			defaultConfigurationName = Release;
		};
		780BAD411A4A147800294092 /* Build configuration list for PBXNativeTarget "LambertSwiftTests" */ = {
			isa = XCConfigurationList;
			buildConfigurations = (
				780BAD421A4A147800294092 /* Debug */,
				780BAD431A4A147800294092 /* Release */,
			);
			defaultConfigurationIsVisible = 0;
			defaultConfigurationName = Release;
		};
/* End XCConfigurationList section */
	};
	rootObject = 780BAD1F1A4A147700294092 /* Project object */;
}
